// !$*UTF8*$!
{
	archiveVersion = 1;
	classes = {
	};
	objectVersion = 56;
	objects = {

/* Begin PBXBuildFile section */
		EEC8766E2D36419D00390933 /* HomeViewController.swift in Sources */ = {isa = PBXBuildFile; fileRef = EEC8766C2D36419D00390933 /* HomeViewController.swift */; };
		EEC8766F2D36419D00390933 /* HomeViewController.xib in Resources */ = {isa = PBXBuildFile; fileRef = EEC8766D2D36419D00390933 /* HomeViewController.xib */; };
		EEE5EB232D3171E500E0A64F /* AppDelegate.swift in Sources */ = {isa = PBXBuildFile; fileRef = EEE5EB222D3171E500E0A64F /* AppDelegate.swift */; };
		EEE5EB252D3171E500E0A64F /* SceneDelegate.swift in Sources */ = {isa = PBXBuildFile; fileRef = EEE5EB242D3171E500E0A64F /* SceneDelegate.swift */; };
		EEE5EB272D3171E500E0A64F /* ViewController.swift in Sources */ = {isa = PBXBuildFile; fileRef = EEE5EB262D3171E500E0A64F /* ViewController.swift */; };
		EEE5EB2A2D3171E500E0A64F /* Base in Resources */ = {isa = PBXBuildFile; fileRef = EEE5EB292D3171E500E0A64F /* Base */; };
		EEE5EB2C2D3171E800E0A64F /* Assets.xcassets in Resources */ = {isa = PBXBuildFile; fileRef = EEE5EB2B2D3171E800E0A64F /* Assets.xcassets */; };
		EEE5EB2F2D3171E800E0A64F /* Base in Resources */ = {isa = PBXBuildFile; fileRef = EEE5EB2E2D3171E800E0A64F /* Base */; };
/* End PBXBuildFile section */

/* Begin PBXFileReference section */
		EEC8766C2D36419D00390933 /* HomeViewController.swift */ = {isa = PBXFileReference; lastKnownFileType = sourcecode.swift; path = HomeViewController.swift; sourceTree = "<group>"; };
		EEC8766D2D36419D00390933 /* HomeViewController.xib */ = {isa = PBXFileReference; lastKnownFileType = file.xib; path = HomeViewController.xib; sourceTree = "<group>"; };
		EEE5EB1F2D3171E500E0A64F /* CryptoCheck.app */ = {isa = PBXFileReference; explicitFileType = wrapper.application; includeInIndex = 0; path = CryptoCheck.app; sourceTree = BUILT_PRODUCTS_DIR; };
		EEE5EB222D3171E500E0A64F /* AppDelegate.swift */ = {isa = PBXFileReference; lastKnownFileType = sourcecode.swift; path = AppDelegate.swift; sourceTree = "<group>"; };
		EEE5EB242D3171E500E0A64F /* SceneDelegate.swift */ = {isa = PBXFileReference; lastKnownFileType = sourcecode.swift; path = SceneDelegate.swift; sourceTree = "<group>"; };
		EEE5EB262D3171E500E0A64F /* ViewController.swift */ = {isa = PBXFileReference; lastKnownFileType = sourcecode.swift; path = ViewController.swift; sourceTree = "<group>"; };
		EEE5EB292D3171E500E0A64F /* Base */ = {isa = PBXFileReference; lastKnownFileType = file.storyboard; name = Base; path = Base.lproj/Main.storyboard; sourceTree = "<group>"; };
		EEE5EB2B2D3171E800E0A64F /* Assets.xcassets */ = {isa = PBXFileReference; lastKnownFileType = folder.assetcatalog; path = Assets.xcassets; sourceTree = "<group>"; };
		EEE5EB2E2D3171E800E0A64F /* Base */ = {isa = PBXFileReference; lastKnownFileType = file.storyboard; name = Base; path = Base.lproj/LaunchScreen.storyboard; sourceTree = "<group>"; };
		EEE5EB302D3171E800E0A64F /* Info.plist */ = {isa = PBXFileReference; lastKnownFileType = text.plist.xml; path = Info.plist; sourceTree = "<group>"; };
/* End PBXFileReference section */

/* Begin PBXFrameworksBuildPhase section */
		EEE5EB1C2D3171E500E0A64F /* Frameworks */ = {
			isa = PBXFrameworksBuildPhase;
			buildActionMask = 2147483647;
			files = (
			);
			runOnlyForDeploymentPostprocessing = 0;
		};
/* End PBXFrameworksBuildPhase section */

/* Begin PBXGroup section */
		EEC876682D36402000390933 /* Model */ = {
			isa = PBXGroup;
			children = (
			);
			path = Model;
			sourceTree = "<group>";
		};
		EEC876692D36402900390933 /* View */ = {
			isa = PBXGroup;
			children = (
				EEC8766C2D36419D00390933 /* HomeViewController.swift */,
				EEC8766D2D36419D00390933 /* HomeViewController.xib */,
			);
			path = View;
			sourceTree = "<group>";
		};
		EEC8766A2D36403200390933 /* ViewModel */ = {
			isa = PBXGroup;
			children = (
			);
			path = ViewModel;
			sourceTree = "<group>";
		};
		EEC8766B2D36403C00390933 /* WebService */ = {
			isa = PBXGroup;
			children = (
			);
			path = WebService;
			sourceTree = "<group>";
		};
		EEE5EB162D3171E500E0A64F = {
			isa = PBXGroup;
			children = (
				EEE5EB212D3171E500E0A64F /* CryptoCheck */,
				EEE5EB202D3171E500E0A64F /* Products */,
			);
			sourceTree = "<group>";
		};
		EEE5EB202D3171E500E0A64F /* Products */ = {
			isa = PBXGroup;
			children = (
				EEE5EB1F2D3171E500E0A64F /* CryptoCheck.app */,
			);
			name = Products;
			sourceTree = "<group>";
		};
		EEE5EB212D3171E500E0A64F /* CryptoCheck */ = {
			isa = PBXGroup;
			children = (
				EEC8766B2D36403C00390933 /* WebService */,
				EEC876682D36402000390933 /* Model */,
				EEC8766A2D36403200390933 /* ViewModel */,
				EEC876692D36402900390933 /* View */,
				EEE5EB222D3171E500E0A64F /* AppDelegate.swift */,
				EEE5EB242D3171E500E0A64F /* SceneDelegate.swift */,
				EEE5EB262D3171E500E0A64F /* ViewController.swift */,
				EEE5EB282D3171E500E0A64F /* Main.storyboard */,
				EEE5EB2B2D3171E800E0A64F /* Assets.xcassets */,
				EEE5EB2D2D3171E800E0A64F /* LaunchScreen.storyboard */,
				EEE5EB302D3171E800E0A64F /* Info.plist */,
			);
			path = CryptoCheck;
			sourceTree = "<group>";
		};
/* End PBXGroup section */

/* Begin PBXNativeTarget section */
		EEE5EB1E2D3171E500E0A64F /* CryptoCheck */ = {
			isa = PBXNativeTarget;
			buildConfigurationList = EEE5EB332D3171E800E0A64F /* Build configuration list for PBXNativeTarget "CryptoCheck" */;
			buildPhases = (
				EEE5EB1B2D3171E500E0A64F /* Sources */,
				EEE5EB1C2D3171E500E0A64F /* Frameworks */,
				EEE5EB1D2D3171E500E0A64F /* Resources */,
			);
			buildRules = (
			);
			dependencies = (
			);
			name = CryptoCheck;
			productName = CryptoCheck;
			productReference = EEE5EB1F2D3171E500E0A64F /* CryptoCheck.app */;
			productType = "com.apple.product-type.application";
		};
/* End PBXNativeTarget section */

/* Begin PBXProject section */
		EEE5EB172D3171E500E0A64F /* Project object */ = {
			isa = PBXProject;
			attributes = {
				BuildIndependentTargetsInParallel = 1;
				LastSwiftUpdateCheck = 1540;
				LastUpgradeCheck = 1540;
				TargetAttributes = {
					EEE5EB1E2D3171E500E0A64F = {
						CreatedOnToolsVersion = 15.4;
					};
				};
			};
			buildConfigurationList = EEE5EB1A2D3171E500E0A64F /* Build configuration list for PBXProject "CryptoCheck" */;
			compatibilityVersion = "Xcode 14.0";
			developmentRegion = en;
			hasScannedForEncodings = 0;
			knownRegions = (
				en,
				Base,
			);
			mainGroup = EEE5EB162D3171E500E0A64F;
			productRefGroup = EEE5EB202D3171E500E0A64F /* Products */;
			projectDirPath = "";
			projectRoot = "";
			targets = (
				EEE5EB1E2D3171E500E0A64F /* CryptoCheck */,
			);
		};
/* End PBXProject section */

/* Begin PBXResourcesBuildPhase section */
		EEE5EB1D2D3171E500E0A64F /* Resources */ = {
			isa = PBXResourcesBuildPhase;
			buildActionMask = 2147483647;
			files = (
				EEE5EB2C2D3171E800E0A64F /* Assets.xcassets in Resources */,
				EEE5EB2F2D3171E800E0A64F /* Base in Resources */,
				EEE5EB2A2D3171E500E0A64F /* Base in Resources */,
				EEC8766F2D36419D00390933 /* HomeViewController.xib in Resources */,
			);
			runOnlyForDeploymentPostprocessing = 0;
		};
/* End PBXResourcesBuildPhase section */

/* Begin PBXSourcesBuildPhase section */
		EEE5EB1B2D3171E500E0A64F /* Sources */ = {
			isa = PBXSourcesBuildPhase;
			buildActionMask = 2147483647;
			files = (
				EEE5EB272D3171E500E0A64F /* ViewController.swift in Sources */,
				EEE5EB232D3171E500E0A64F /* AppDelegate.swift in Sources */,
				EEE5EB252D3171E500E0A64F /* SceneDelegate.swift in Sources */,
				EEC8766E2D36419D00390933 /* HomeViewController.swift in Sources */,
			);
			runOnlyForDeploymentPostprocessing = 0;
		};
/* End PBXSourcesBuildPhase section */

/* Begin PBXVariantGroup section */
		EEE5EB282D3171E500E0A64F /* Main.storyboard */ = {
			isa = PBXVariantGroup;
			children = (
				EEE5EB292D3171E500E0A64F /* Base */,
			);
			name = Main.storyboard;
			sourceTree = "<group>";
		};
		EEE5EB2D2D3171E800E0A64F /* LaunchScreen.storyboard */ = {
			isa = PBXVariantGroup;
			children = (
				EEE5EB2E2D3171E800E0A64F /* Base */,
			);
			name = LaunchScreen.storyboard;
			sourceTree = "<group>";
		};
/* End PBXVariantGroup section */

/* Begin XCBuildConfiguration section */
		EEE5EB312D3171E800E0A64F /* Debug */ = {
			isa = XCBuildConfiguration;
			buildSettings = {
				ALWAYS_SEARCH_USER_PATHS = NO;
				ASSETCATALOG_COMPILER_GENERATE_SWIFT_ASSET_SYMBOL_EXTENSIONS = YES;
				CLANG_ANALYZER_NONNULL = YES;
				CLANG_ANALYZER_NUMBER_OBJECT_CONVERSION = YES_AGGRESSIVE;
				CLANG_CXX_LANGUAGE_STANDARD = "gnu++20";
				CLANG_ENABLE_MODULES = YES;
				CLANG_ENABLE_OBJC_ARC = YES;
				CLANG_ENABLE_OBJC_WEAK = YES;
				CLANG_WARN_BLOCK_CAPTURE_AUTORELEASING = YES;
				CLANG_WARN_BOOL_CONVERSION = YES;
				CLANG_WARN_COMMA = YES;
				CLANG_WARN_CONSTANT_CONVERSION = YES;
				CLANG_WARN_DEPRECATED_OBJC_IMPLEMENTATIONS = YES;
				CLANG_WARN_DIRECT_OBJC_ISA_USAGE = YES_ERROR;
				CLANG_WARN_DOCUMENTATION_COMMENTS = YES;
				CLANG_WARN_EMPTY_BODY = YES;
				CLANG_WARN_ENUM_CONVERSION = YES;
				CLANG_WARN_INFINITE_RECURSION = YES;
				CLANG_WARN_INT_CONVERSION = YES;
				CLANG_WARN_NON_LITERAL_NULL_CONVERSION = YES;
				CLANG_WARN_OBJC_IMPLICIT_RETAIN_SELF = YES;
				CLANG_WARN_OBJC_LITERAL_CONVERSION = YES;
				CLANG_WARN_OBJC_ROOT_CLASS = YES_ERROR;
				CLANG_WARN_QUOTED_INCLUDE_IN_FRAMEWORK_HEADER = YES;
				CLANG_WARN_RANGE_LOOP_ANALYSIS = YES;
				CLANG_WARN_STRICT_PROTOTYPES = YES;
				CLANG_WARN_SUSPICIOUS_MOVE = YES;
				CLANG_WARN_UNGUARDED_AVAILABILITY = YES_AGGRESSIVE;
				CLANG_WARN_UNREACHABLE_CODE = YES;
				CLANG_WARN__DUPLICATE_METHOD_MATCH = YES;
				COPY_PHASE_STRIP = NO;
				DEBUG_INFORMATION_FORMAT = dwarf;
				ENABLE_STRICT_OBJC_MSGSEND = YES;
				ENABLE_TESTABILITY = YES;
				ENABLE_USER_SCRIPT_SANDBOXING = YES;
				GCC_C_LANGUAGE_STANDARD = gnu17;
				GCC_DYNAMIC_NO_PIC = NO;
				GCC_NO_COMMON_BLOCKS = YES;
				GCC_OPTIMIZATION_LEVEL = 0;
				GCC_PREPROCESSOR_DEFINITIONS = (
					"DEBUG=1",
					"$(inherited)",
				);
				GCC_WARN_64_TO_32_BIT_CONVERSION = YES;
				GCC_WARN_ABOUT_RETURN_TYPE = YES_ERROR;
				GCC_WARN_UNDECLARED_SELECTOR = YES;
				GCC_WARN_UNINITIALIZED_AUTOS = YES_AGGRESSIVE;
				GCC_WARN_UNUSED_FUNCTION = YES;
				GCC_WARN_UNUSED_VARIABLE = YES;
				IPHONEOS_DEPLOYMENT_TARGET = 17.2;
				LOCALIZATION_PREFERS_STRING_CATALOGS = YES;
				MTL_ENABLE_DEBUG_INFO = INCLUDE_SOURCE;
				MTL_FAST_MATH = YES;
				ONLY_ACTIVE_ARCH = YES;
				SDKROOT = iphoneos;
				SWIFT_ACTIVE_COMPILATION_CONDITIONS = "DEBUG $(inherited)";
				SWIFT_OPTIMIZATION_LEVEL = "-Onone";
			};
			name = Debug;
		};
		EEE5EB322D3171E800E0A64F /* Release */ = {
			isa = XCBuildConfiguration;
			buildSettings = {
				ALWAYS_SEARCH_USER_PATHS = NO;
				ASSETCATALOG_COMPILER_GENERATE_SWIFT_ASSET_SYMBOL_EXTENSIONS = YES;
				CLANG_ANALYZER_NONNULL = YES;
				CLANG_ANALYZER_NUMBER_OBJECT_CONVERSION = YES_AGGRESSIVE;
				CLANG_CXX_LANGUAGE_STANDARD = "gnu++20";
				CLANG_ENABLE_MODULES = YES;
				CLANG_ENABLE_OBJC_ARC = YES;
				CLANG_ENABLE_OBJC_WEAK = YES;
				CLANG_WARN_BLOCK_CAPTURE_AUTORELEASING = YES;
				CLANG_WARN_BOOL_CONVERSION = YES;
				CLANG_WARN_COMMA = YES;
				CLANG_WARN_CONSTANT_CONVERSION = YES;
				CLANG_WARN_DEPRECATED_OBJC_IMPLEMENTATIONS = YES;
				CLANG_WARN_DIRECT_OBJC_ISA_USAGE = YES_ERROR;
				CLANG_WARN_DOCUMENTATION_COMMENTS = YES;
				CLANG_WARN_EMPTY_BODY = YES;
				CLANG_WARN_ENUM_CONVERSION = YES;
				CLANG_WARN_INFINITE_RECURSION = YES;
				CLANG_WARN_INT_CONVERSION = YES;
				CLANG_WARN_NON_LITERAL_NULL_CONVERSION = YES;
				CLANG_WARN_OBJC_IMPLICIT_RETAIN_SELF = YES;
				CLANG_WARN_OBJC_LITERAL_CONVERSION = YES;
				CLANG_WARN_OBJC_ROOT_CLASS = YES_ERROR;
				CLANG_WARN_QUOTED_INCLUDE_IN_FRAMEWORK_HEADER = YES;
				CLANG_WARN_RANGE_LOOP_ANALYSIS = YES;
				CLANG_WARN_STRICT_PROTOTYPES = YES;
				CLANG_WARN_SUSPICIOUS_MOVE = YES;
				CLANG_WARN_UNGUARDED_AVAILABILITY = YES_AGGRESSIVE;
				CLANG_WARN_UNREACHABLE_CODE = YES;
				CLANG_WARN__DUPLICATE_METHOD_MATCH = YES;
				COPY_PHASE_STRIP = NO;
				DEBUG_INFORMATION_FORMAT = "dwarf-with-dsym";
				ENABLE_NS_ASSERTIONS = NO;
				ENABLE_STRICT_OBJC_MSGSEND = YES;
				ENABLE_USER_SCRIPT_SANDBOXING = YES;
				GCC_C_LANGUAGE_STANDARD = gnu17;
				GCC_NO_COMMON_BLOCKS = YES;
				GCC_WARN_64_TO_32_BIT_CONVERSION = YES;
				GCC_WARN_ABOUT_RETURN_TYPE = YES_ERROR;
				GCC_WARN_UNDECLARED_SELECTOR = YES;
				GCC_WARN_UNINITIALIZED_AUTOS = YES_AGGRESSIVE;
				GCC_WARN_UNUSED_FUNCTION = YES;
				GCC_WARN_UNUSED_VARIABLE = YES;
				IPHONEOS_DEPLOYMENT_TARGET = 17.2;
				LOCALIZATION_PREFERS_STRING_CATALOGS = YES;
				MTL_ENABLE_DEBUG_INFO = NO;
				MTL_FAST_MATH = YES;
				SDKROOT = iphoneos;
				SWIFT_COMPILATION_MODE = wholemodule;
				VALIDATE_PRODUCT = YES;
			};
			name = Release;
		};
		EEE5EB342D3171E800E0A64F /* Debug */ = {
			isa = XCBuildConfiguration;
			buildSettings = {
				ASSETCATALOG_COMPILER_APPICON_NAME = AppIcon;
				ASSETCATALOG_COMPILER_GLOBAL_ACCENT_COLOR_NAME = AccentColor;
				CODE_SIGN_STYLE = Automatic;
				CURRENT_PROJECT_VERSION = 1;
				GENERATE_INFOPLIST_FILE = YES;
				INFOPLIST_FILE = CryptoCheck/Info.plist;
				INFOPLIST_KEY_UIApplicationSupportsIndirectInputEvents = YES;
				INFOPLIST_KEY_UILaunchStoryboardName = LaunchScreen;
				INFOPLIST_KEY_UIMainStoryboardFile = Main;
				INFOPLIST_KEY_UISupportedInterfaceOrientations_iPad = "UIInterfaceOrientationPortrait UIInterfaceOrientationPortraitUpsideDown UIInterfaceOrientationLandscapeLeft UIInterfaceOrientationLandscapeRight";
				INFOPLIST_KEY_UISupportedInterfaceOrientations_iPhone = "UIInterfaceOrientationPortrait UIInterfaceOrientationLandscapeLeft UIInterfaceOrientationLandscapeRight";
				IPHONEOS_DEPLOYMENT_TARGET = 17.2;
				LD_RUNPATH_SEARCH_PATHS = (
					"$(inherited)",
					"@executable_path/Frameworks",
				);
				MARKETING_VERSION = 1.0;
				PRODUCT_BUNDLE_IDENTIFIER = Arhan.CryptoCheck;
				PRODUCT_NAME = "$(TARGET_NAME)";
				SWIFT_EMIT_LOC_STRINGS = YES;
				SWIFT_VERSION = 5.0;
				TARGETED_DEVICE_FAMILY = "1,2";
			};
			name = Debug;
		};
		EEE5EB352D3171E800E0A64F /* Release */ = {
			isa = XCBuildConfiguration;
			buildSettings = {
				ASSETCATALOG_COMPILER_APPICON_NAME = AppIcon;
				ASSETCATALOG_COMPILER_GLOBAL_ACCENT_COLOR_NAME = AccentColor;
				CODE_SIGN_STYLE = Automatic;
				CURRENT_PROJECT_VERSION = 1;
				GENERATE_INFOPLIST_FILE = YES;
				INFOPLIST_FILE = CryptoCheck/Info.plist;
				INFOPLIST_KEY_UIApplicationSupportsIndirectInputEvents = YES;
				INFOPLIST_KEY_UILaunchStoryboardName = LaunchScreen;
				INFOPLIST_KEY_UIMainStoryboardFile = Main;
				INFOPLIST_KEY_UISupportedInterfaceOrientations_iPad = "UIInterfaceOrientationPortrait UIInterfaceOrientationPortraitUpsideDown UIInterfaceOrientationLandscapeLeft UIInterfaceOrientationLandscapeRight";
				INFOPLIST_KEY_UISupportedInterfaceOrientations_iPhone = "UIInterfaceOrientationPortrait UIInterfaceOrientationLandscapeLeft UIInterfaceOrientationLandscapeRight";
				IPHONEOS_DEPLOYMENT_TARGET = 17.2;
				LD_RUNPATH_SEARCH_PATHS = (
					"$(inherited)",
					"@executable_path/Frameworks",
				);
				MARKETING_VERSION = 1.0;
				PRODUCT_BUNDLE_IDENTIFIER = Arhan.CryptoCheck;
				PRODUCT_NAME = "$(TARGET_NAME)";
				SWIFT_EMIT_LOC_STRINGS = YES;
				SWIFT_VERSION = 5.0;
				TARGETED_DEVICE_FAMILY = "1,2";
			};
			name = Release;
		};
/* End XCBuildConfiguration section */

/* Begin XCConfigurationList section */
		EEE5EB1A2D3171E500E0A64F /* Build configuration list for PBXProject "CryptoCheck" */ = {
			isa = XCConfigurationList;
			buildConfigurations = (
				EEE5EB312D3171E800E0A64F /* Debug */,
				EEE5EB322D3171E800E0A64F /* Release */,
			);
			defaultConfigurationIsVisible = 0;
			defaultConfigurationName = Release;
		};
		EEE5EB332D3171E800E0A64F /* Build configuration list for PBXNativeTarget "CryptoCheck" */ = {
			isa = XCConfigurationList;
			buildConfigurations = (
				EEE5EB342D3171E800E0A64F /* Debug */,
				EEE5EB352D3171E800E0A64F /* Release */,
			);
			defaultConfigurationIsVisible = 0;
			defaultConfigurationName = Release;
		};
/* End XCConfigurationList section */
	};
	rootObject = EEE5EB172D3171E500E0A64F /* Project object */;
}
